// !$*UTF8*$!
{
	archiveVersion = 1;
	classes = {
	};
	objectVersion = 55;
	objects = {

/* Begin PBXBuildFile section */
		09023482B37B5C33436F354E /* Pods_MVPPractice.framework in Frameworks */ = {isa = PBXBuildFile; fileRef = 2EA1217256C078FDE4A3E3BC /* Pods_MVPPractice.framework */; };
		68E339437FE4F6488A374F4A /* Pods_MVPPracticeTests.framework in Frameworks */ = {isa = PBXBuildFile; fileRef = EB5BF4DB71942ED998FEABFE /* Pods_MVPPracticeTests.framework */; };
		A8496B5E27C098AA00675E8B /* Result.swift in Sources */ = {isa = PBXBuildFile; fileRef = A8496B5D27C098AA00675E8B /* Result.swift */; };
		A87F2DE027BF9D2200DC232F /* AppDelegate.swift in Sources */ = {isa = PBXBuildFile; fileRef = A87F2DDF27BF9D2200DC232F /* AppDelegate.swift */; };
		A87F2DE927BF9D2500DC232F /* Assets.xcassets in Resources */ = {isa = PBXBuildFile; fileRef = A87F2DE827BF9D2500DC232F /* Assets.xcassets */; };
		A87F2DEC27BF9D2500DC232F /* LaunchScreen.storyboard in Resources */ = {isa = PBXBuildFile; fileRef = A87F2DEA27BF9D2500DC232F /* LaunchScreen.storyboard */; };
		A87F2DF727BF9D2500DC232F /* MVPPracticeTests.swift in Sources */ = {isa = PBXBuildFile; fileRef = A87F2DF627BF9D2500DC232F /* MVPPracticeTests.swift */; };
		A87F2E0127BF9D2500DC232F /* MVPPracticeUITests.swift in Sources */ = {isa = PBXBuildFile; fileRef = A87F2E0027BF9D2500DC232F /* MVPPracticeUITests.swift */; };
		A87F2E0327BF9D2500DC232F /* MVPPracticeUITestsLaunchTests.swift in Sources */ = {isa = PBXBuildFile; fileRef = A87F2E0227BF9D2500DC232F /* MVPPracticeUITestsLaunchTests.swift */; };
		A87F2E2B27BF9FA400DC232F /* SearchRepositoryViewController.swift in Sources */ = {isa = PBXBuildFile; fileRef = A87F2E2227BF9FA400DC232F /* SearchRepositoryViewController.swift */; };
		A87F2E2C27BF9FA400DC232F /* SearchRepositoryPresenter.swift in Sources */ = {isa = PBXBuildFile; fileRef = A87F2E2327BF9FA400DC232F /* SearchRepositoryPresenter.swift */; };
		A87F2E2D27BF9FA400DC232F /* SearchRepositoryModel.swift in Sources */ = {isa = PBXBuildFile; fileRef = A87F2E2427BF9FA400DC232F /* SearchRepositoryModel.swift */; };
		A87F2E2E27BF9FA400DC232F /* SearchRepository.storyboard in Resources */ = {isa = PBXBuildFile; fileRef = A87F2E2527BF9FA400DC232F /* SearchRepository.storyboard */; };
		A87F2E2F27BF9FA400DC232F /* Detail.storyboard in Resources */ = {isa = PBXBuildFile; fileRef = A87F2E2727BF9FA400DC232F /* Detail.storyboard */; };
		A87F2E3027BF9FA400DC232F /* DetailViewController.swift in Sources */ = {isa = PBXBuildFile; fileRef = A87F2E2827BF9FA400DC232F /* DetailViewController.swift */; };
		A87F2E3627BFA0EB00DC232F /* RepositoryModel.swift in Sources */ = {isa = PBXBuildFile; fileRef = A87F2E3527BFA0EB00DC232F /* RepositoryModel.swift */; };
		E79A908B782A16C2019E1B29 /* Pods_MVPPractice_MVPPracticeUITests.framework in Frameworks */ = {isa = PBXBuildFile; fileRef = 29866472C2D9F415690908A3 /* Pods_MVPPractice_MVPPracticeUITests.framework */; };
/* End PBXBuildFile section */

/* Begin PBXContainerItemProxy section */
		A87F2DF327BF9D2500DC232F /* PBXContainerItemProxy */ = {
			isa = PBXContainerItemProxy;
			containerPortal = A87F2DD427BF9D2200DC232F /* Project object */;
			proxyType = 1;
			remoteGlobalIDString = A87F2DDB27BF9D2200DC232F;
			remoteInfo = MVPPractice;
		};
		A87F2DFD27BF9D2500DC232F /* PBXContainerItemProxy */ = {
			isa = PBXContainerItemProxy;
			containerPortal = A87F2DD427BF9D2200DC232F /* Project object */;
			proxyType = 1;
			remoteGlobalIDString = A87F2DDB27BF9D2200DC232F;
			remoteInfo = MVPPractice;
		};
/* End PBXContainerItemProxy section */

/* Begin PBXFileReference section */
		03CFD56583A73B648523FDD8 /* Pods-MVPPractice.release.xcconfig */ = {isa = PBXFileReference; includeInIndex = 1; lastKnownFileType = text.xcconfig; name = "Pods-MVPPractice.release.xcconfig"; path = "Target Support Files/Pods-MVPPractice/Pods-MVPPractice.release.xcconfig"; sourceTree = "<group>"; };
		1E68E8615C1115A116B762FE /* Pods-MVPPracticeTests.release.xcconfig */ = {isa = PBXFileReference; includeInIndex = 1; lastKnownFileType = text.xcconfig; name = "Pods-MVPPracticeTests.release.xcconfig"; path = "Target Support Files/Pods-MVPPracticeTests/Pods-MVPPracticeTests.release.xcconfig"; sourceTree = "<group>"; };
		29866472C2D9F415690908A3 /* Pods_MVPPractice_MVPPracticeUITests.framework */ = {isa = PBXFileReference; explicitFileType = wrapper.framework; includeInIndex = 0; path = Pods_MVPPractice_MVPPracticeUITests.framework; sourceTree = BUILT_PRODUCTS_DIR; };
		2EA1217256C078FDE4A3E3BC /* Pods_MVPPractice.framework */ = {isa = PBXFileReference; explicitFileType = wrapper.framework; includeInIndex = 0; path = Pods_MVPPractice.framework; sourceTree = BUILT_PRODUCTS_DIR; };
		3548156D23D0416F3D1BDE0C /* Pods-MVPPractice.debug.xcconfig */ = {isa = PBXFileReference; includeInIndex = 1; lastKnownFileType = text.xcconfig; name = "Pods-MVPPractice.debug.xcconfig"; path = "Target Support Files/Pods-MVPPractice/Pods-MVPPractice.debug.xcconfig"; sourceTree = "<group>"; };
		498B25F32EBFB464EC0F5323 /* Pods-MVPPractice-MVPPracticeUITests.release.xcconfig */ = {isa = PBXFileReference; includeInIndex = 1; lastKnownFileType = text.xcconfig; name = "Pods-MVPPractice-MVPPracticeUITests.release.xcconfig"; path = "Target Support Files/Pods-MVPPractice-MVPPracticeUITests/Pods-MVPPractice-MVPPracticeUITests.release.xcconfig"; sourceTree = "<group>"; };
		870DE53BF43F22273924BAB3 /* Pods-MVPPracticeTests.debug.xcconfig */ = {isa = PBXFileReference; includeInIndex = 1; lastKnownFileType = text.xcconfig; name = "Pods-MVPPracticeTests.debug.xcconfig"; path = "Target Support Files/Pods-MVPPracticeTests/Pods-MVPPracticeTests.debug.xcconfig"; sourceTree = "<group>"; };
		A8496B5D27C098AA00675E8B /* Result.swift */ = {isa = PBXFileReference; lastKnownFileType = sourcecode.swift; path = Result.swift; sourceTree = "<group>"; };
		A87F2DDC27BF9D2200DC232F /* MVPPractice.app */ = {isa = PBXFileReference; explicitFileType = wrapper.application; includeInIndex = 0; path = MVPPractice.app; sourceTree = BUILT_PRODUCTS_DIR; };
		A87F2DDF27BF9D2200DC232F /* AppDelegate.swift */ = {isa = PBXFileReference; lastKnownFileType = sourcecode.swift; path = AppDelegate.swift; sourceTree = "<group>"; };
		A87F2DE827BF9D2500DC232F /* Assets.xcassets */ = {isa = PBXFileReference; lastKnownFileType = folder.assetcatalog; path = Assets.xcassets; sourceTree = "<group>"; };
		A87F2DEB27BF9D2500DC232F /* Base */ = {isa = PBXFileReference; lastKnownFileType = file.storyboard; name = Base; path = Base.lproj/LaunchScreen.storyboard; sourceTree = "<group>"; };
		A87F2DED27BF9D2500DC232F /* Info.plist */ = {isa = PBXFileReference; lastKnownFileType = text.plist.xml; path = Info.plist; sourceTree = "<group>"; };
		A87F2DF227BF9D2500DC232F /* MVPPracticeTests.xctest */ = {isa = PBXFileReference; explicitFileType = wrapper.cfbundle; includeInIndex = 0; path = MVPPracticeTests.xctest; sourceTree = BUILT_PRODUCTS_DIR; };
		A87F2DF627BF9D2500DC232F /* MVPPracticeTests.swift */ = {isa = PBXFileReference; lastKnownFileType = sourcecode.swift; path = MVPPracticeTests.swift; sourceTree = "<group>"; };
		A87F2DFC27BF9D2500DC232F /* MVPPracticeUITests.xctest */ = {isa = PBXFileReference; explicitFileType = wrapper.cfbundle; includeInIndex = 0; path = MVPPracticeUITests.xctest; sourceTree = BUILT_PRODUCTS_DIR; };
		A87F2E0027BF9D2500DC232F /* MVPPracticeUITests.swift */ = {isa = PBXFileReference; lastKnownFileType = sourcecode.swift; path = MVPPracticeUITests.swift; sourceTree = "<group>"; };
		A87F2E0227BF9D2500DC232F /* MVPPracticeUITestsLaunchTests.swift */ = {isa = PBXFileReference; lastKnownFileType = sourcecode.swift; path = MVPPracticeUITestsLaunchTests.swift; sourceTree = "<group>"; };
		A87F2E2227BF9FA400DC232F /* SearchRepositoryViewController.swift */ = {isa = PBXFileReference; fileEncoding = 4; lastKnownFileType = sourcecode.swift; path = SearchRepositoryViewController.swift; sourceTree = "<group>"; };
		A87F2E2327BF9FA400DC232F /* SearchRepositoryPresenter.swift */ = {isa = PBXFileReference; fileEncoding = 4; lastKnownFileType = sourcecode.swift; path = SearchRepositoryPresenter.swift; sourceTree = "<group>"; };
		A87F2E2427BF9FA400DC232F /* SearchRepositoryModel.swift */ = {isa = PBXFileReference; fileEncoding = 4; lastKnownFileType = sourcecode.swift; path = SearchRepositoryModel.swift; sourceTree = "<group>"; };
		A87F2E2527BF9FA400DC232F /* SearchRepository.storyboard */ = {isa = PBXFileReference; fileEncoding = 4; lastKnownFileType = file.storyboard; path = SearchRepository.storyboard; sourceTree = "<group>"; };
		A87F2E2727BF9FA400DC232F /* Detail.storyboard */ = {isa = PBXFileReference; fileEncoding = 4; lastKnownFileType = file.storyboard; path = Detail.storyboard; sourceTree = "<group>"; };
		A87F2E2827BF9FA400DC232F /* DetailViewController.swift */ = {isa = PBXFileReference; fileEncoding = 4; lastKnownFileType = sourcecode.swift; path = DetailViewController.swift; sourceTree = "<group>"; };
		A87F2E3527BFA0EB00DC232F /* RepositoryModel.swift */ = {isa = PBXFileReference; fileEncoding = 4; lastKnownFileType = sourcecode.swift; path = RepositoryModel.swift; sourceTree = "<group>"; };
		EB5BF4DB71942ED998FEABFE /* Pods_MVPPracticeTests.framework */ = {isa = PBXFileReference; explicitFileType = wrapper.framework; includeInIndex = 0; path = Pods_MVPPracticeTests.framework; sourceTree = BUILT_PRODUCTS_DIR; };
		FB616F647560A301074CEBF2 /* Pods-MVPPractice-MVPPracticeUITests.debug.xcconfig */ = {isa = PBXFileReference; includeInIndex = 1; lastKnownFileType = text.xcconfig; name = "Pods-MVPPractice-MVPPracticeUITests.debug.xcconfig"; path = "Target Support Files/Pods-MVPPractice-MVPPracticeUITests/Pods-MVPPractice-MVPPracticeUITests.debug.xcconfig"; sourceTree = "<group>"; };
/* End PBXFileReference section */

/* Begin PBXFrameworksBuildPhase section */
		A87F2DD927BF9D2200DC232F /* Frameworks */ = {
			isa = PBXFrameworksBuildPhase;
			buildActionMask = 2147483647;
			files = (
				09023482B37B5C33436F354E /* Pods_MVPPractice.framework in Frameworks */,
			);
			runOnlyForDeploymentPostprocessing = 0;
		};
		A87F2DEF27BF9D2500DC232F /* Frameworks */ = {
			isa = PBXFrameworksBuildPhase;
			buildActionMask = 2147483647;
			files = (
				68E339437FE4F6488A374F4A /* Pods_MVPPracticeTests.framework in Frameworks */,
			);
			runOnlyForDeploymentPostprocessing = 0;
		};
		A87F2DF927BF9D2500DC232F /* Frameworks */ = {
			isa = PBXFrameworksBuildPhase;
			buildActionMask = 2147483647;
			files = (
				E79A908B782A16C2019E1B29 /* Pods_MVPPractice_MVPPracticeUITests.framework in Frameworks */,
			);
			runOnlyForDeploymentPostprocessing = 0;
		};
/* End PBXFrameworksBuildPhase section */

/* Begin PBXGroup section */
		5024DE5A8E2CA3703C145AC9 /* Frameworks */ = {
			isa = PBXGroup;
			children = (
				2EA1217256C078FDE4A3E3BC /* Pods_MVPPractice.framework */,
				29866472C2D9F415690908A3 /* Pods_MVPPractice_MVPPracticeUITests.framework */,
				EB5BF4DB71942ED998FEABFE /* Pods_MVPPracticeTests.framework */,
			);
			name = Frameworks;
			sourceTree = "<group>";
		};
		A87F2DD327BF9D2200DC232F = {
			isa = PBXGroup;
			children = (
				A87F2DDE27BF9D2200DC232F /* MVPPractice */,
				A87F2DF527BF9D2500DC232F /* MVPPracticeTests */,
				A87F2DFF27BF9D2500DC232F /* MVPPracticeUITests */,
				A87F2DDD27BF9D2200DC232F /* Products */,
				E65933B8D47335AD32ABF458 /* Pods */,
				5024DE5A8E2CA3703C145AC9 /* Frameworks */,
			);
			sourceTree = "<group>";
		};
		A87F2DDD27BF9D2200DC232F /* Products */ = {
			isa = PBXGroup;
			children = (
				A87F2DDC27BF9D2200DC232F /* MVPPractice.app */,
				A87F2DF227BF9D2500DC232F /* MVPPracticeTests.xctest */,
				A87F2DFC27BF9D2500DC232F /* MVPPracticeUITests.xctest */,
			);
			name = Products;
			sourceTree = "<group>";
		};
		A87F2DDE27BF9D2200DC232F /* MVPPractice */ = {
			isa = PBXGroup;
			children = (
				A87F2DDF27BF9D2200DC232F /* AppDelegate.swift */,
				A87F2E1F27BF9F9D00DC232F /* API */,
				A87F2E2027BF9FA400DC232F /* Views */,
				A87F2DE827BF9D2500DC232F /* Assets.xcassets */,
				A87F2DEA27BF9D2500DC232F /* LaunchScreen.storyboard */,
				A87F2DED27BF9D2500DC232F /* Info.plist */,
			);
			path = MVPPractice;
			sourceTree = "<group>";
		};
		A87F2DF527BF9D2500DC232F /* MVPPracticeTests */ = {
			isa = PBXGroup;
			children = (
				A87F2DF627BF9D2500DC232F /* MVPPracticeTests.swift */,
			);
			path = MVPPracticeTests;
			sourceTree = "<group>";
		};
		A87F2DFF27BF9D2500DC232F /* MVPPracticeUITests */ = {
			isa = PBXGroup;
			children = (
				A87F2E0027BF9D2500DC232F /* MVPPracticeUITests.swift */,
				A87F2E0227BF9D2500DC232F /* MVPPracticeUITestsLaunchTests.swift */,
			);
			path = MVPPracticeUITests;
			sourceTree = "<group>";
		};
		A87F2E1F27BF9F9D00DC232F /* API */ = {
			isa = PBXGroup;
			children = (
				A87F2E3527BFA0EB00DC232F /* RepositoryModel.swift */,
				A8496B5D27C098AA00675E8B /* Result.swift */,
			);
			path = API;
			sourceTree = "<group>";
		};
		A87F2E2027BF9FA400DC232F /* Views */ = {
			isa = PBXGroup;
			children = (
				A87F2E2127BF9FA400DC232F /* SearchRepository */,
				A87F2E2627BF9FA400DC232F /* Detail */,
			);
			path = Views;
			sourceTree = "<group>";
		};
		A87F2E2127BF9FA400DC232F /* SearchRepository */ = {
			isa = PBXGroup;
			children = (
				A87F2E2227BF9FA400DC232F /* SearchRepositoryViewController.swift */,
				A87F2E2327BF9FA400DC232F /* SearchRepositoryPresenter.swift */,
				A87F2E2427BF9FA400DC232F /* SearchRepositoryModel.swift */,
				A87F2E2527BF9FA400DC232F /* SearchRepository.storyboard */,
			);
			path = SearchRepository;
			sourceTree = "<group>";
		};
		A87F2E2627BF9FA400DC232F /* Detail */ = {
			isa = PBXGroup;
			children = (
				A87F2E2727BF9FA400DC232F /* Detail.storyboard */,
				A87F2E2827BF9FA400DC232F /* DetailViewController.swift */,
			);
			path = Detail;
			sourceTree = "<group>";
		};
		E65933B8D47335AD32ABF458 /* Pods */ = {
			isa = PBXGroup;
			children = (
				3548156D23D0416F3D1BDE0C /* Pods-MVPPractice.debug.xcconfig */,
				03CFD56583A73B648523FDD8 /* Pods-MVPPractice.release.xcconfig */,
				FB616F647560A301074CEBF2 /* Pods-MVPPractice-MVPPracticeUITests.debug.xcconfig */,
				498B25F32EBFB464EC0F5323 /* Pods-MVPPractice-MVPPracticeUITests.release.xcconfig */,
				870DE53BF43F22273924BAB3 /* Pods-MVPPracticeTests.debug.xcconfig */,
				1E68E8615C1115A116B762FE /* Pods-MVPPracticeTests.release.xcconfig */,
			);
			path = Pods;
			sourceTree = "<group>";
		};
/* End PBXGroup section */

/* Begin PBXNativeTarget section */
		A87F2DDB27BF9D2200DC232F /* MVPPractice */ = {
			isa = PBXNativeTarget;
			buildConfigurationList = A87F2E0627BF9D2500DC232F /* Build configuration list for PBXNativeTarget "MVPPractice" */;
			buildPhases = (
				257A1568917B4DBCD4E09008 /* [CP] Check Pods Manifest.lock */,
				A87F2DD827BF9D2200DC232F /* Sources */,
				A87F2DD927BF9D2200DC232F /* Frameworks */,
				A87F2DDA27BF9D2200DC232F /* Resources */,
				8F4509E05A13AA8AA48F4ABE /* [CP] Embed Pods Frameworks */,
			);
			buildRules = (
			);
			dependencies = (
			);
			name = MVPPractice;
			productName = MVPPractice;
			productReference = A87F2DDC27BF9D2200DC232F /* MVPPractice.app */;
			productType = "com.apple.product-type.application";
		};
		A87F2DF127BF9D2500DC232F /* MVPPracticeTests */ = {
			isa = PBXNativeTarget;
			buildConfigurationList = A87F2E0927BF9D2500DC232F /* Build configuration list for PBXNativeTarget "MVPPracticeTests" */;
			buildPhases = (
				52565035E8188CAF507EA6A9 /* [CP] Check Pods Manifest.lock */,
				A87F2DEE27BF9D2500DC232F /* Sources */,
				A87F2DEF27BF9D2500DC232F /* Frameworks */,
				A87F2DF027BF9D2500DC232F /* Resources */,
			);
			buildRules = (
			);
			dependencies = (
				A87F2DF427BF9D2500DC232F /* PBXTargetDependency */,
			);
			name = MVPPracticeTests;
			productName = MVPPracticeTests;
			productReference = A87F2DF227BF9D2500DC232F /* MVPPracticeTests.xctest */;
			productType = "com.apple.product-type.bundle.unit-test";
		};
		A87F2DFB27BF9D2500DC232F /* MVPPracticeUITests */ = {
			isa = PBXNativeTarget;
			buildConfigurationList = A87F2E0C27BF9D2500DC232F /* Build configuration list for PBXNativeTarget "MVPPracticeUITests" */;
			buildPhases = (
				7C2BA7A45925E9D6069FD24E /* [CP] Check Pods Manifest.lock */,
				A87F2DF827BF9D2500DC232F /* Sources */,
				A87F2DF927BF9D2500DC232F /* Frameworks */,
				A87F2DFA27BF9D2500DC232F /* Resources */,
				7121D45FFFA9C3CF95F16961 /* [CP] Embed Pods Frameworks */,
			);
			buildRules = (
			);
			dependencies = (
				A87F2DFE27BF9D2500DC232F /* PBXTargetDependency */,
			);
			name = MVPPracticeUITests;
			productName = MVPPracticeUITests;
			productReference = A87F2DFC27BF9D2500DC232F /* MVPPracticeUITests.xctest */;
			productType = "com.apple.product-type.bundle.ui-testing";
		};
/* End PBXNativeTarget section */

/* Begin PBXProject section */
		A87F2DD427BF9D2200DC232F /* Project object */ = {
			isa = PBXProject;
			attributes = {
				BuildIndependentTargetsInParallel = 1;
				LastSwiftUpdateCheck = 1300;
				LastUpgradeCheck = 1300;
				TargetAttributes = {
					A87F2DDB27BF9D2200DC232F = {
						CreatedOnToolsVersion = 13.0;
					};
					A87F2DF127BF9D2500DC232F = {
						CreatedOnToolsVersion = 13.0;
						TestTargetID = A87F2DDB27BF9D2200DC232F;
					};
					A87F2DFB27BF9D2500DC232F = {
						CreatedOnToolsVersion = 13.0;
						TestTargetID = A87F2DDB27BF9D2200DC232F;
					};
				};
			};
			buildConfigurationList = A87F2DD727BF9D2200DC232F /* Build configuration list for PBXProject "MVPPractice" */;
			compatibilityVersion = "Xcode 13.0";
			developmentRegion = en;
			hasScannedForEncodings = 0;
			knownRegions = (
				en,
				Base,
			);
			mainGroup = A87F2DD327BF9D2200DC232F;
			productRefGroup = A87F2DDD27BF9D2200DC232F /* Products */;
			projectDirPath = "";
			projectRoot = "";
			targets = (
				A87F2DDB27BF9D2200DC232F /* MVPPractice */,
				A87F2DF127BF9D2500DC232F /* MVPPracticeTests */,
				A87F2DFB27BF9D2500DC232F /* MVPPracticeUITests */,
			);
		};
/* End PBXProject section */

/* Begin PBXResourcesBuildPhase section */
		A87F2DDA27BF9D2200DC232F /* Resources */ = {
			isa = PBXResourcesBuildPhase;
			buildActionMask = 2147483647;
			files = (
				A87F2E2E27BF9FA400DC232F /* SearchRepository.storyboard in Resources */,
				A87F2DEC27BF9D2500DC232F /* LaunchScreen.storyboard in Resources */,
				A87F2DE927BF9D2500DC232F /* Assets.xcassets in Resources */,
				A87F2E2F27BF9FA400DC232F /* Detail.storyboard in Resources */,
			);
			runOnlyForDeploymentPostprocessing = 0;
		};
		A87F2DF027BF9D2500DC232F /* Resources */ = {
			isa = PBXResourcesBuildPhase;
			buildActionMask = 2147483647;
			files = (
			);
			runOnlyForDeploymentPostprocessing = 0;
		};
		A87F2DFA27BF9D2500DC232F /* Resources */ = {
			isa = PBXResourcesBuildPhase;
			buildActionMask = 2147483647;
			files = (
			);
			runOnlyForDeploymentPostprocessing = 0;
		};
/* End PBXResourcesBuildPhase section */

/* Begin PBXShellScriptBuildPhase section */
		257A1568917B4DBCD4E09008 /* [CP] Check Pods Manifest.lock */ = {
			isa = PBXShellScriptBuildPhase;
			buildActionMask = 2147483647;
			files = (
			);
			inputFileListPaths = (
			);
			inputPaths = (
				"${PODS_PODFILE_DIR_PATH}/Podfile.lock",
				"${PODS_ROOT}/Manifest.lock",
			);
			name = "[CP] Check Pods Manifest.lock";
			outputFileListPaths = (
			);
			outputPaths = (
				"$(DERIVED_FILE_DIR)/Pods-MVPPractice-checkManifestLockResult.txt",
			);
			runOnlyForDeploymentPostprocessing = 0;
			shellPath = /bin/sh;
			shellScript = "diff \"${PODS_PODFILE_DIR_PATH}/Podfile.lock\" \"${PODS_ROOT}/Manifest.lock\" > /dev/null\nif [ $? != 0 ] ; then\n    # print error to STDERR\n    echo \"error: The sandbox is not in sync with the Podfile.lock. Run 'pod install' or update your CocoaPods installation.\" >&2\n    exit 1\nfi\n# This output is used by Xcode 'outputs' to avoid re-running this script phase.\necho \"SUCCESS\" > \"${SCRIPT_OUTPUT_FILE_0}\"\n";
			showEnvVarsInLog = 0;
		};
		52565035E8188CAF507EA6A9 /* [CP] Check Pods Manifest.lock */ = {
			isa = PBXShellScriptBuildPhase;
			buildActionMask = 2147483647;
			files = (
			);
			inputFileListPaths = (
			);
			inputPaths = (
				"${PODS_PODFILE_DIR_PATH}/Podfile.lock",
				"${PODS_ROOT}/Manifest.lock",
			);
			name = "[CP] Check Pods Manifest.lock";
			outputFileListPaths = (
			);
			outputPaths = (
				"$(DERIVED_FILE_DIR)/Pods-MVPPracticeTests-checkManifestLockResult.txt",
			);
			runOnlyForDeploymentPostprocessing = 0;
			shellPath = /bin/sh;
			shellScript = "diff \"${PODS_PODFILE_DIR_PATH}/Podfile.lock\" \"${PODS_ROOT}/Manifest.lock\" > /dev/null\nif [ $? != 0 ] ; then\n    # print error to STDERR\n    echo \"error: The sandbox is not in sync with the Podfile.lock. Run 'pod install' or update your CocoaPods installation.\" >&2\n    exit 1\nfi\n# This output is used by Xcode 'outputs' to avoid re-running this script phase.\necho \"SUCCESS\" > \"${SCRIPT_OUTPUT_FILE_0}\"\n";
			showEnvVarsInLog = 0;
		};
		7121D45FFFA9C3CF95F16961 /* [CP] Embed Pods Frameworks */ = {
			isa = PBXShellScriptBuildPhase;
			buildActionMask = 2147483647;
			files = (
			);
			inputFileListPaths = (
				"${PODS_ROOT}/Target Support Files/Pods-MVPPractice-MVPPracticeUITests/Pods-MVPPractice-MVPPracticeUITests-frameworks-${CONFIGURATION}-input-files.xcfilelist",
			);
			name = "[CP] Embed Pods Frameworks";
			outputFileListPaths = (
				"${PODS_ROOT}/Target Support Files/Pods-MVPPractice-MVPPracticeUITests/Pods-MVPPractice-MVPPracticeUITests-frameworks-${CONFIGURATION}-output-files.xcfilelist",
			);
			runOnlyForDeploymentPostprocessing = 0;
			shellPath = /bin/sh;
			shellScript = "\"${PODS_ROOT}/Target Support Files/Pods-MVPPractice-MVPPracticeUITests/Pods-MVPPractice-MVPPracticeUITests-frameworks.sh\"\n";
			showEnvVarsInLog = 0;
		};
		7C2BA7A45925E9D6069FD24E /* [CP] Check Pods Manifest.lock */ = {
			isa = PBXShellScriptBuildPhase;
			buildActionMask = 2147483647;
			files = (
			);
			inputFileListPaths = (
			);
			inputPaths = (
				"${PODS_PODFILE_DIR_PATH}/Podfile.lock",
				"${PODS_ROOT}/Manifest.lock",
			);
			name = "[CP] Check Pods Manifest.lock";
			outputFileListPaths = (
			);
			outputPaths = (
				"$(DERIVED_FILE_DIR)/Pods-MVPPractice-MVPPracticeUITests-checkManifestLockResult.txt",
			);
			runOnlyForDeploymentPostprocessing = 0;
			shellPath = /bin/sh;
			shellScript = "diff \"${PODS_PODFILE_DIR_PATH}/Podfile.lock\" \"${PODS_ROOT}/Manifest.lock\" > /dev/null\nif [ $? != 0 ] ; then\n    # print error to STDERR\n    echo \"error: The sandbox is not in sync with the Podfile.lock. Run 'pod install' or update your CocoaPods installation.\" >&2\n    exit 1\nfi\n# This output is used by Xcode 'outputs' to avoid re-running this script phase.\necho \"SUCCESS\" > \"${SCRIPT_OUTPUT_FILE_0}\"\n";
			showEnvVarsInLog = 0;
		};
		8F4509E05A13AA8AA48F4ABE /* [CP] Embed Pods Frameworks */ = {
			isa = PBXShellScriptBuildPhase;
			buildActionMask = 2147483647;
			files = (
			);
			inputFileListPaths = (
				"${PODS_ROOT}/Target Support Files/Pods-MVPPractice/Pods-MVPPractice-frameworks-${CONFIGURATION}-input-files.xcfilelist",
			);
			name = "[CP] Embed Pods Frameworks";
			outputFileListPaths = (
				"${PODS_ROOT}/Target Support Files/Pods-MVPPractice/Pods-MVPPractice-frameworks-${CONFIGURATION}-output-files.xcfilelist",
			);
			runOnlyForDeploymentPostprocessing = 0;
			shellPath = /bin/sh;
			shellScript = "\"${PODS_ROOT}/Target Support Files/Pods-MVPPractice/Pods-MVPPractice-frameworks.sh\"\n";
			showEnvVarsInLog = 0;
		};
/* End PBXShellScriptBuildPhase section */

/* Begin PBXSourcesBuildPhase section */
		A87F2DD827BF9D2200DC232F /* Sources */ = {
			isa = PBXSourcesBuildPhase;
			buildActionMask = 2147483647;
			files = (
				A87F2E2B27BF9FA400DC232F /* SearchRepositoryViewController.swift in Sources */,
				A87F2E2D27BF9FA400DC232F /* SearchRepositoryModel.swift in Sources */,
				A87F2E3627BFA0EB00DC232F /* RepositoryModel.swift in Sources */,
				A87F2DE027BF9D2200DC232F /* AppDelegate.swift in Sources */,
				A8496B5E27C098AA00675E8B /* Result.swift in Sources */,
				A87F2E2C27BF9FA400DC232F /* SearchRepositoryPresenter.swift in Sources */,
				A87F2E3027BF9FA400DC232F /* DetailViewController.swift in Sources */,
			);
			runOnlyForDeploymentPostprocessing = 0;
		};
		A87F2DEE27BF9D2500DC232F /* Sources */ = {
			isa = PBXSourcesBuildPhase;
			buildActionMask = 2147483647;
			files = (
				A87F2DF727BF9D2500DC232F /* MVPPracticeTests.swift in Sources */,
			);
			runOnlyForDeploymentPostprocessing = 0;
		};
		A87F2DF827BF9D2500DC232F /* Sources */ = {
			isa = PBXSourcesBuildPhase;
			buildActionMask = 2147483647;
			files = (
				A87F2E0127BF9D2500DC232F /* MVPPracticeUITests.swift in Sources */,
				A87F2E0327BF9D2500DC232F /* MVPPracticeUITestsLaunchTests.swift in Sources */,
			);
			runOnlyForDeploymentPostprocessing = 0;
		};
/* End PBXSourcesBuildPhase section */

/* Begin PBXTargetDependency section */
		A87F2DF427BF9D2500DC232F /* PBXTargetDependency */ = {
			isa = PBXTargetDependency;
			target = A87F2DDB27BF9D2200DC232F /* MVPPractice */;
			targetProxy = A87F2DF327BF9D2500DC232F /* PBXContainerItemProxy */;
		};
		A87F2DFE27BF9D2500DC232F /* PBXTargetDependency */ = {
			isa = PBXTargetDependency;
			target = A87F2DDB27BF9D2200DC232F /* MVPPractice */;
			targetProxy = A87F2DFD27BF9D2500DC232F /* PBXContainerItemProxy */;
		};
/* End PBXTargetDependency section */

/* Begin PBXVariantGroup section */
		A87F2DEA27BF9D2500DC232F /* LaunchScreen.storyboard */ = {
			isa = PBXVariantGroup;
			children = (
				A87F2DEB27BF9D2500DC232F /* Base */,
			);
			name = LaunchScreen.storyboard;
			sourceTree = "<group>";
		};
/* End PBXVariantGroup section */

/* Begin XCBuildConfiguration section */
		A87F2E0427BF9D2500DC232F /* Debug */ = {
			isa = XCBuildConfiguration;
			buildSettings = {
				ALWAYS_SEARCH_USER_PATHS = NO;
				CLANG_ANALYZER_NONNULL = YES;
				CLANG_ANALYZER_NUMBER_OBJECT_CONVERSION = YES_AGGRESSIVE;
				CLANG_CXX_LANGUAGE_STANDARD = "gnu++17";
				CLANG_CXX_LIBRARY = "libc++";
				CLANG_ENABLE_MODULES = YES;
				CLANG_ENABLE_OBJC_ARC = YES;
				CLANG_ENABLE_OBJC_WEAK = YES;
				CLANG_WARN_BLOCK_CAPTURE_AUTORELEASING = YES;
				CLANG_WARN_BOOL_CONVERSION = YES;
				CLANG_WARN_COMMA = YES;
				CLANG_WARN_CONSTANT_CONVERSION = YES;
				CLANG_WARN_DEPRECATED_OBJC_IMPLEMENTATIONS = YES;
				CLANG_WARN_DIRECT_OBJC_ISA_USAGE = YES_ERROR;
				CLANG_WARN_DOCUMENTATION_COMMENTS = YES;
				CLANG_WARN_EMPTY_BODY = YES;
				CLANG_WARN_ENUM_CONVERSION = YES;
				CLANG_WARN_INFINITE_RECURSION = YES;
				CLANG_WARN_INT_CONVERSION = YES;
				CLANG_WARN_NON_LITERAL_NULL_CONVERSION = YES;
				CLANG_WARN_OBJC_IMPLICIT_RETAIN_SELF = YES;
				CLANG_WARN_OBJC_LITERAL_CONVERSION = YES;
				CLANG_WARN_OBJC_ROOT_CLASS = YES_ERROR;
				CLANG_WARN_QUOTED_INCLUDE_IN_FRAMEWORK_HEADER = YES;
				CLANG_WARN_RANGE_LOOP_ANALYSIS = YES;
				CLANG_WARN_STRICT_PROTOTYPES = YES;
				CLANG_WARN_SUSPICIOUS_MOVE = YES;
				CLANG_WARN_UNGUARDED_AVAILABILITY = YES_AGGRESSIVE;
				CLANG_WARN_UNREACHABLE_CODE = YES;
				CLANG_WARN__DUPLICATE_METHOD_MATCH = YES;
				COPY_PHASE_STRIP = NO;
				DEBUG_INFORMATION_FORMAT = dwarf;
				ENABLE_STRICT_OBJC_MSGSEND = YES;
				ENABLE_TESTABILITY = YES;
				GCC_C_LANGUAGE_STANDARD = gnu11;
				GCC_DYNAMIC_NO_PIC = NO;
				GCC_NO_COMMON_BLOCKS = YES;
				GCC_OPTIMIZATION_LEVEL = 0;
				GCC_PREPROCESSOR_DEFINITIONS = (
					"DEBUG=1",
					"$(inherited)",
				);
				GCC_WARN_64_TO_32_BIT_CONVERSION = YES;
				GCC_WARN_ABOUT_RETURN_TYPE = YES_ERROR;
				GCC_WARN_UNDECLARED_SELECTOR = YES;
				GCC_WARN_UNINITIALIZED_AUTOS = YES_AGGRESSIVE;
				GCC_WARN_UNUSED_FUNCTION = YES;
				GCC_WARN_UNUSED_VARIABLE = YES;
				IPHONEOS_DEPLOYMENT_TARGET = 15.0;
				MTL_ENABLE_DEBUG_INFO = INCLUDE_SOURCE;
				MTL_FAST_MATH = YES;
				ONLY_ACTIVE_ARCH = YES;
				SDKROOT = iphoneos;
				SWIFT_ACTIVE_COMPILATION_CONDITIONS = DEBUG;
				SWIFT_OPTIMIZATION_LEVEL = "-Onone";
			};
			name = Debug;
		};
		A87F2E0527BF9D2500DC232F /* Release */ = {
			isa = XCBuildConfiguration;
			buildSettings = {
				ALWAYS_SEARCH_USER_PATHS = NO;
				CLANG_ANALYZER_NONNULL = YES;
				CLANG_ANALYZER_NUMBER_OBJECT_CONVERSION = YES_AGGRESSIVE;
				CLANG_CXX_LANGUAGE_STANDARD = "gnu++17";
				CLANG_CXX_LIBRARY = "libc++";
				CLANG_ENABLE_MODULES = YES;
				CLANG_ENABLE_OBJC_ARC = YES;
				CLANG_ENABLE_OBJC_WEAK = YES;
				CLANG_WARN_BLOCK_CAPTURE_AUTORELEASING = YES;
				CLANG_WARN_BOOL_CONVERSION = YES;
				CLANG_WARN_COMMA = YES;
				CLANG_WARN_CONSTANT_CONVERSION = YES;
				CLANG_WARN_DEPRECATED_OBJC_IMPLEMENTATIONS = YES;
				CLANG_WARN_DIRECT_OBJC_ISA_USAGE = YES_ERROR;
				CLANG_WARN_DOCUMENTATION_COMMENTS = YES;
				CLANG_WARN_EMPTY_BODY = YES;
				CLANG_WARN_ENUM_CONVERSION = YES;
				CLANG_WARN_INFINITE_RECURSION = YES;
				CLANG_WARN_INT_CONVERSION = YES;
				CLANG_WARN_NON_LITERAL_NULL_CONVERSION = YES;
				CLANG_WARN_OBJC_IMPLICIT_RETAIN_SELF = YES;
				CLANG_WARN_OBJC_LITERAL_CONVERSION = YES;
				CLANG_WARN_OBJC_ROOT_CLASS = YES_ERROR;
				CLANG_WARN_QUOTED_INCLUDE_IN_FRAMEWORK_HEADER = YES;
				CLANG_WARN_RANGE_LOOP_ANALYSIS = YES;
				CLANG_WARN_STRICT_PROTOTYPES = YES;
				CLANG_WARN_SUSPICIOUS_MOVE = YES;
				CLANG_WARN_UNGUARDED_AVAILABILITY = YES_AGGRESSIVE;
				CLANG_WARN_UNREACHABLE_CODE = YES;
				CLANG_WARN__DUPLICATE_METHOD_MATCH = YES;
				COPY_PHASE_STRIP = NO;
				DEBUG_INFORMATION_FORMAT = "dwarf-with-dsym";
				ENABLE_NS_ASSERTIONS = NO;
				ENABLE_STRICT_OBJC_MSGSEND = YES;
				GCC_C_LANGUAGE_STANDARD = gnu11;
				GCC_NO_COMMON_BLOCKS = YES;
				GCC_WARN_64_TO_32_BIT_CONVERSION = YES;
				GCC_WARN_ABOUT_RETURN_TYPE = YES_ERROR;
				GCC_WARN_UNDECLARED_SELECTOR = YES;
				GCC_WARN_UNINITIALIZED_AUTOS = YES_AGGRESSIVE;
				GCC_WARN_UNUSED_FUNCTION = YES;
				GCC_WARN_UNUSED_VARIABLE = YES;
				IPHONEOS_DEPLOYMENT_TARGET = 15.0;
				MTL_ENABLE_DEBUG_INFO = NO;
				MTL_FAST_MATH = YES;
				SDKROOT = iphoneos;
				SWIFT_COMPILATION_MODE = wholemodule;
				SWIFT_OPTIMIZATION_LEVEL = "-O";
				VALIDATE_PRODUCT = YES;
			};
			name = Release;
		};
		A87F2E0727BF9D2500DC232F /* Debug */ = {
			isa = XCBuildConfiguration;
			baseConfigurationReference = 3548156D23D0416F3D1BDE0C /* Pods-MVPPractice.debug.xcconfig */;
			buildSettings = {
				ASSETCATALOG_COMPILER_APPICON_NAME = AppIcon;
				ASSETCATALOG_COMPILER_GLOBAL_ACCENT_COLOR_NAME = AccentColor;
				CODE_SIGN_STYLE = Automatic;
				CURRENT_PROJECT_VERSION = 1;
				DEVELOPMENT_TEAM = Z27GRUV329;
				GENERATE_INFOPLIST_FILE = YES;
				INFOPLIST_FILE = MVPPractice/Info.plist;
				INFOPLIST_KEY_UIApplicationSupportsIndirectInputEvents = YES;
				INFOPLIST_KEY_UILaunchStoryboardName = LaunchScreen;
				INFOPLIST_KEY_UIMainStoryboardFile = SearchRepository;
				INFOPLIST_KEY_UISupportedInterfaceOrientations_iPad = "UIInterfaceOrientationPortrait UIInterfaceOrientationPortraitUpsideDown UIInterfaceOrientationLandscapeLeft UIInterfaceOrientationLandscapeRight";
				INFOPLIST_KEY_UISupportedInterfaceOrientations_iPhone = "UIInterfaceOrientationPortrait UIInterfaceOrientationLandscapeLeft UIInterfaceOrientationLandscapeRight";
				LD_RUNPATH_SEARCH_PATHS = (
					"$(inherited)",
					"@executable_path/Frameworks",
				);
				MARKETING_VERSION = 1.0;
				PRODUCT_BUNDLE_IDENTIFIER = com.Takuto0124.MVPPractice;
				PRODUCT_NAME = "$(TARGET_NAME)";
				SWIFT_EMIT_LOC_STRINGS = YES;
				SWIFT_VERSION = 5.0;
				TARGETED_DEVICE_FAMILY = 1;
			};
			name = Debug;
		};
		A87F2E0827BF9D2500DC232F /* Release */ = {
			isa = XCBuildConfiguration;
			baseConfigurationReference = 03CFD56583A73B648523FDD8 /* Pods-MVPPractice.release.xcconfig */;
			buildSettings = {
				ASSETCATALOG_COMPILER_APPICON_NAME = AppIcon;
				ASSETCATALOG_COMPILER_GLOBAL_ACCENT_COLOR_NAME = AccentColor;
				CODE_SIGN_STYLE = Automatic;
				CURRENT_PROJECT_VERSION = 1;
				DEVELOPMENT_TEAM = Z27GRUV329;
				GENERATE_INFOPLIST_FILE = YES;
				INFOPLIST_FILE = MVPPractice/Info.plist;
				INFOPLIST_KEY_UIApplicationSupportsIndirectInputEvents = YES;
				INFOPLIST_KEY_UILaunchStoryboardName = LaunchScreen;
				INFOPLIST_KEY_UIMainStoryboardFile = SearchRepository;
				INFOPLIST_KEY_UISupportedInterfaceOrientations_iPad = "UIInterfaceOrientationPortrait UIInterfaceOrientationPortraitUpsideDown UIInterfaceOrientationLandscapeLeft UIInterfaceOrientationLandscapeRight";
				INFOPLIST_KEY_UISupportedInterfaceOrientations_iPhone = "UIInterfaceOrientationPortrait UIInterfaceOrientationLandscapeLeft UIInterfaceOrientationLandscapeRight";
				LD_RUNPATH_SEARCH_PATHS = (
					"$(inherited)",
					"@executable_path/Frameworks",
				);
				MARKETING_VERSION = 1.0;
				PRODUCT_BUNDLE_IDENTIFIER = com.Takuto0124.MVPPractice;
				PRODUCT_NAME = "$(TARGET_NAME)";
				SWIFT_EMIT_LOC_STRINGS = YES;
				SWIFT_VERSION = 5.0;
				TARGETED_DEVICE_FAMILY = 1;
			};
			name = Release;
		};
		A87F2E0A27BF9D2500DC232F /* Debug */ = {
			isa = XCBuildConfiguration;
			baseConfigurationReference = 870DE53BF43F22273924BAB3 /* Pods-MVPPracticeTests.debug.xcconfig */;
			buildSettings = {
				ALWAYS_EMBED_SWIFT_STANDARD_LIBRARIES = YES;
				BUNDLE_LOADER = "$(TEST_HOST)";
				CODE_SIGN_STYLE = Automatic;
				CURRENT_PROJECT_VERSION = 1;
				DEVELOPMENT_TEAM = Z27GRUV329;
				GENERATE_INFOPLIST_FILE = YES;
				IPHONEOS_DEPLOYMENT_TARGET = 15.0;
				LD_RUNPATH_SEARCH_PATHS = (
					"$(inherited)",
					"@executable_path/Frameworks",
					"@loader_path/Frameworks",
				);
				MARKETING_VERSION = 1.0;
				PRODUCT_BUNDLE_IDENTIFIER = com.Takuto0124.MVPPracticeTests;
				PRODUCT_NAME = "$(TARGET_NAME)";
				SWIFT_EMIT_LOC_STRINGS = NO;
				SWIFT_VERSION = 5.0;
				TARGETED_DEVICE_FAMILY = "1,2";
				TEST_HOST = "$(BUILT_PRODUCTS_DIR)/MVPPractice.app/MVPPractice";
			};
			name = Debug;
		};
		A87F2E0B27BF9D2500DC232F /* Release */ = {
			isa = XCBuildConfiguration;
			baseConfigurationReference = 1E68E8615C1115A116B762FE /* Pods-MVPPracticeTests.release.xcconfig */;
			buildSettings = {
				ALWAYS_EMBED_SWIFT_STANDARD_LIBRARIES = YES;
				BUNDLE_LOADER = "$(TEST_HOST)";
				CODE_SIGN_STYLE = Automatic;
				CURRENT_PROJECT_VERSION = 1;
				DEVELOPMENT_TEAM = Z27GRUV329;
				GENERATE_INFOPLIST_FILE = YES;
				IPHONEOS_DEPLOYMENT_TARGET = 15.0;
				LD_RUNPATH_SEARCH_PATHS = (
					"$(inherited)",
					"@executable_path/Frameworks",
					"@loader_path/Frameworks",
				);
				MARKETING_VERSION = 1.0;
				PRODUCT_BUNDLE_IDENTIFIER = com.Takuto0124.MVPPracticeTests;
				PRODUCT_NAME = "$(TARGET_NAME)";
				SWIFT_EMIT_LOC_STRINGS = NO;
				SWIFT_VERSION = 5.0;
				TARGETED_DEVICE_FAMILY = "1,2";
				TEST_HOST = "$(BUILT_PRODUCTS_DIR)/MVPPractice.app/MVPPractice";
			};
			name = Release;
		};
		A87F2E0D27BF9D2500DC232F /* Debug */ = {
			isa = XCBuildConfiguration;
			baseConfigurationReference = FB616F647560A301074CEBF2 /* Pods-MVPPractice-MVPPracticeUITests.debug.xcconfig */;
			buildSettings = {
				ALWAYS_EMBED_SWIFT_STANDARD_LIBRARIES = YES;
				CODE_SIGN_STYLE = Automatic;
				CURRENT_PROJECT_VERSION = 1;
				DEVELOPMENT_TEAM = Z27GRUV329;
				GENERATE_INFOPLIST_FILE = YES;
				LD_RUNPATH_SEARCH_PATHS = (
					"$(inherited)",
					"@executable_path/Frameworks",
					"@loader_path/Frameworks",
				);
				MARKETING_VERSION = 1.0;
				PRODUCT_BUNDLE_IDENTIFIER = com.Takuto0124.MVPPracticeUITests;
				PRODUCT_NAME = "$(TARGET_NAME)";
				SWIFT_EMIT_LOC_STRINGS = NO;
				SWIFT_VERSION = 5.0;
				TARGETED_DEVICE_FAMILY = "1,2";
				TEST_TARGET_NAME = MVPPractice;
			};
			name = Debug;
		};
		A87F2E0E27BF9D2500DC232F /* Release */ = {
			isa = XCBuildConfiguration;
			baseConfigurationReference = 498B25F32EBFB464EC0F5323 /* Pods-MVPPractice-MVPPracticeUITests.release.xcconfig */;
			buildSettings = {
				ALWAYS_EMBED_SWIFT_STANDARD_LIBRARIES = YES;
				CODE_SIGN_STYLE = Automatic;
				CURRENT_PROJECT_VERSION = 1;
				DEVELOPMENT_TEAM = Z27GRUV329;
				GENERATE_INFOPLIST_FILE = YES;
				LD_RUNPATH_SEARCH_PATHS = (
					"$(inherited)",
					"@executable_path/Frameworks",
					"@loader_path/Frameworks",
				);
				MARKETING_VERSION = 1.0;
				PRODUCT_BUNDLE_IDENTIFIER = com.Takuto0124.MVPPracticeUITests;
				PRODUCT_NAME = "$(TARGET_NAME)";
				SWIFT_EMIT_LOC_STRINGS = NO;
				SWIFT_VERSION = 5.0;
				TARGETED_DEVICE_FAMILY = "1,2";
				TEST_TARGET_NAME = MVPPractice;
			};
			name = Release;
		};
/* End XCBuildConfiguration section */

/* Begin XCConfigurationList section */
		A87F2DD727BF9D2200DC232F /* Build configuration list for PBXProject "MVPPractice" */ = {
			isa = XCConfigurationList;
			buildConfigurations = (
				A87F2E0427BF9D2500DC232F /* Debug */,
				A87F2E0527BF9D2500DC232F /* Release */,
			);
			defaultConfigurationIsVisible = 0;
			defaultConfigurationName = Release;
		};
		A87F2E0627BF9D2500DC232F /* Build configuration list for PBXNativeTarget "MVPPractice" */ = {
			isa = XCConfigurationList;
			buildConfigurations = (
				A87F2E0727BF9D2500DC232F /* Debug */,
				A87F2E0827BF9D2500DC232F /* Release */,
			);
			defaultConfigurationIsVisible = 0;
			defaultConfigurationName = Release;
		};
		A87F2E0927BF9D2500DC232F /* Build configuration list for PBXNativeTarget "MVPPracticeTests" */ = {
			isa = XCConfigurationList;
			buildConfigurations = (
				A87F2E0A27BF9D2500DC232F /* Debug */,
				A87F2E0B27BF9D2500DC232F /* Release */,
			);
			defaultConfigurationIsVisible = 0;
			defaultConfigurationName = Release;
		};
		A87F2E0C27BF9D2500DC232F /* Build configuration list for PBXNativeTarget "MVPPracticeUITests" */ = {
			isa = XCConfigurationList;
			buildConfigurations = (
				A87F2E0D27BF9D2500DC232F /* Debug */,
				A87F2E0E27BF9D2500DC232F /* Release */,
			);
			defaultConfigurationIsVisible = 0;
			defaultConfigurationName = Release;
		};
/* End XCConfigurationList section */
	};
	rootObject = A87F2DD427BF9D2200DC232F /* Project object */;
}
